// !$*UTF8*$!
{
	archiveVersion = 1;
	classes = {
	};
	objectVersion = 50;
	objects = {

/* Begin PBXBuildFile section */
		F02CF47B25CEE38F003A53FF /* utils.swift in Sources */ = {isa = PBXBuildFile; fileRef = F02CF47A25CEE38F003A53FF /* utils.swift */; };
		F02CF48825CF7F07003A53FF /* lltfunc.cpp in Sources */ = {isa = PBXBuildFile; fileRef = F02CF48625CF7F07003A53FF /* lltfunc.cpp */; };
		F02CF49325CFC61A003A53FF /* jet.cpp in Sources */ = {isa = PBXBuildFile; fileRef = F02CF49225CFC61A003A53FF /* jet.cpp */; };
		F03DFB3A25D229330040FE99 /* LICENSE in Resources */ = {isa = PBXBuildFile; fileRef = F03DFB3925D229320040FE99 /* LICENSE */; };
		F0B9554D25CE2ED8008ECEE9 /* CoreOrateApp.swift in Sources */ = {isa = PBXBuildFile; fileRef = F0B9554C25CE2ED8008ECEE9 /* CoreOrateApp.swift */; };
		F0B9554F25CE2ED8008ECEE9 /* ContentView.swift in Sources */ = {isa = PBXBuildFile; fileRef = F0B9554E25CE2ED8008ECEE9 /* ContentView.swift */; };
		F0B9555125CE2EDB008ECEE9 /* Assets.xcassets in Resources */ = {isa = PBXBuildFile; fileRef = F0B9555025CE2EDB008ECEE9 /* Assets.xcassets */; };
		F0B9555425CE2EDB008ECEE9 /* Preview Assets.xcassets in Resources */ = {isa = PBXBuildFile; fileRef = F0B9555325CE2EDB008ECEE9 /* Preview Assets.xcassets */; };
		F0B9555F25CE2EDB008ECEE9 /* CoreOrateTests.swift in Sources */ = {isa = PBXBuildFile; fileRef = F0B9555E25CE2EDB008ECEE9 /* CoreOrateTests.swift */; };
		F0B9556A25CE2EDB008ECEE9 /* CoreOrateUITests.swift in Sources */ = {isa = PBXBuildFile; fileRef = F0B9556925CE2EDB008ECEE9 /* CoreOrateUITests.swift */; };
		F0B955A025CE3765008ECEE9 /* AudioRecorder.swift in Sources */ = {isa = PBXBuildFile; fileRef = F0B9559F25CE3765008ECEE9 /* AudioRecorder.swift */; };
		F0CEB8A425D1130100B2F27A /* spectrogramPreview.swift in Sources */ = {isa = PBXBuildFile; fileRef = F0CEB8A325D1130100B2F27A /* spectrogramPreview.swift */; };
		F0CEB8A925D1143900B2F27A /* classificationView.swift in Sources */ = {isa = PBXBuildFile; fileRef = F0CEB8A825D1143900B2F27A /* classificationView.swift */; };
		F0CEB8AE25D11E3E00B2F27A /* clickButton.swift in Sources */ = {isa = PBXBuildFile; fileRef = F0CEB8AD25D11E3E00B2F27A /* clickButton.swift */; };
		F0CEB8B325D12C8600B2F27A /* InactiveSession.swift in Sources */ = {isa = PBXBuildFile; fileRef = F0CEB8B225D12C8600B2F27A /* InactiveSession.swift */; };
		F0CEB8B825D1301F00B2F27A /* BufferingView.swift in Sources */ = {isa = PBXBuildFile; fileRef = F0CEB8B725D1301F00B2F27A /* BufferingView.swift */; };
		F0CEB8DA25D141E600B2F27A /* Localizable.strings in Resources */ = {isa = PBXBuildFile; fileRef = F0CEB8DC25D141E600B2F27A /* Localizable.strings */; };
/* End PBXBuildFile section */

/* Begin PBXContainerItemProxy section */
		F0B9555B25CE2EDB008ECEE9 /* PBXContainerItemProxy */ = {
			isa = PBXContainerItemProxy;
			containerPortal = F0B9554125CE2ED8008ECEE9 /* Project object */;
			proxyType = 1;
			remoteGlobalIDString = F0B9554825CE2ED8008ECEE9;
			remoteInfo = CoreOrate;
		};
		F0B9556625CE2EDB008ECEE9 /* PBXContainerItemProxy */ = {
			isa = PBXContainerItemProxy;
			containerPortal = F0B9554125CE2ED8008ECEE9 /* Project object */;
			proxyType = 1;
			remoteGlobalIDString = F0B9554825CE2ED8008ECEE9;
			remoteInfo = CoreOrate;
		};
/* End PBXContainerItemProxy section */

/* Begin PBXFileReference section */
		F02CF47A25CEE38F003A53FF /* utils.swift */ = {isa = PBXFileReference; lastKnownFileType = sourcecode.swift; path = utils.swift; sourceTree = "<group>"; };
		F02CF48525CF7F07003A53FF /* CoreOrate-Bridging-Header.h */ = {isa = PBXFileReference; lastKnownFileType = sourcecode.c.h; path = "CoreOrate-Bridging-Header.h"; sourceTree = "<group>"; };
		F02CF48625CF7F07003A53FF /* lltfunc.cpp */ = {isa = PBXFileReference; lastKnownFileType = sourcecode.cpp.cpp; path = lltfunc.cpp; sourceTree = "<group>"; };
		F02CF48725CF7F07003A53FF /* lltfunc.hpp */ = {isa = PBXFileReference; lastKnownFileType = sourcecode.cpp.h; path = lltfunc.hpp; sourceTree = "<group>"; };
		F02CF49225CFC61A003A53FF /* jet.cpp */ = {isa = PBXFileReference; lastKnownFileType = sourcecode.cpp.cpp; path = jet.cpp; sourceTree = "<group>"; };
		F03DFB3925D229320040FE99 /* LICENSE */ = {isa = PBXFileReference; fileEncoding = 4; lastKnownFileType = text; path = LICENSE; sourceTree = "<group>"; };
		F0B9554925CE2ED8008ECEE9 /* CoreOrate.app */ = {isa = PBXFileReference; explicitFileType = wrapper.application; includeInIndex = 0; path = CoreOrate.app; sourceTree = BUILT_PRODUCTS_DIR; };
		F0B9554C25CE2ED8008ECEE9 /* CoreOrateApp.swift */ = {isa = PBXFileReference; lastKnownFileType = sourcecode.swift; path = CoreOrateApp.swift; sourceTree = "<group>"; };
		F0B9554E25CE2ED8008ECEE9 /* ContentView.swift */ = {isa = PBXFileReference; lastKnownFileType = sourcecode.swift; path = ContentView.swift; sourceTree = "<group>"; };
		F0B9555025CE2EDB008ECEE9 /* Assets.xcassets */ = {isa = PBXFileReference; lastKnownFileType = folder.assetcatalog; path = Assets.xcassets; sourceTree = "<group>"; };
		F0B9555325CE2EDB008ECEE9 /* Preview Assets.xcassets */ = {isa = PBXFileReference; lastKnownFileType = folder.assetcatalog; path = "Preview Assets.xcassets"; sourceTree = "<group>"; };
		F0B9555525CE2EDB008ECEE9 /* Info.plist */ = {isa = PBXFileReference; lastKnownFileType = text.plist.xml; path = Info.plist; sourceTree = "<group>"; };
		F0B9555A25CE2EDB008ECEE9 /* CoreOrateTests.xctest */ = {isa = PBXFileReference; explicitFileType = wrapper.cfbundle; includeInIndex = 0; path = CoreOrateTests.xctest; sourceTree = BUILT_PRODUCTS_DIR; };
		F0B9555E25CE2EDB008ECEE9 /* CoreOrateTests.swift */ = {isa = PBXFileReference; lastKnownFileType = sourcecode.swift; path = CoreOrateTests.swift; sourceTree = "<group>"; };
		F0B9556025CE2EDB008ECEE9 /* Info.plist */ = {isa = PBXFileReference; lastKnownFileType = text.plist.xml; path = Info.plist; sourceTree = "<group>"; };
		F0B9556525CE2EDB008ECEE9 /* CoreOrateUITests.xctest */ = {isa = PBXFileReference; explicitFileType = wrapper.cfbundle; includeInIndex = 0; path = CoreOrateUITests.xctest; sourceTree = BUILT_PRODUCTS_DIR; };
		F0B9556925CE2EDB008ECEE9 /* CoreOrateUITests.swift */ = {isa = PBXFileReference; lastKnownFileType = sourcecode.swift; path = CoreOrateUITests.swift; sourceTree = "<group>"; };
		F0B9556B25CE2EDB008ECEE9 /* Info.plist */ = {isa = PBXFileReference; lastKnownFileType = text.plist.xml; path = Info.plist; sourceTree = "<group>"; };
		F0B9559F25CE3765008ECEE9 /* AudioRecorder.swift */ = {isa = PBXFileReference; lastKnownFileType = sourcecode.swift; path = AudioRecorder.swift; sourceTree = "<group>"; };
		F0B955FC25CE5686008ECEE9 /* CoreOrate.entitlements */ = {isa = PBXFileReference; lastKnownFileType = text.plist.entitlements; path = CoreOrate.entitlements; sourceTree = "<group>"; };
		F0CEB8A325D1130100B2F27A /* spectrogramPreview.swift */ = {isa = PBXFileReference; lastKnownFileType = sourcecode.swift; path = spectrogramPreview.swift; sourceTree = "<group>"; };
		F0CEB8A825D1143900B2F27A /* classificationView.swift */ = {isa = PBXFileReference; lastKnownFileType = sourcecode.swift; path = classificationView.swift; sourceTree = "<group>"; };
		F0CEB8AD25D11E3E00B2F27A /* clickButton.swift */ = {isa = PBXFileReference; lastKnownFileType = sourcecode.swift; path = clickButton.swift; sourceTree = "<group>"; };
		F0CEB8B225D12C8600B2F27A /* InactiveSession.swift */ = {isa = PBXFileReference; lastKnownFileType = sourcecode.swift; path = InactiveSession.swift; sourceTree = "<group>"; };
		F0CEB8B725D1301F00B2F27A /* BufferingView.swift */ = {isa = PBXFileReference; lastKnownFileType = sourcecode.swift; path = BufferingView.swift; sourceTree = "<group>"; };
		F0CEB8DB25D141E600B2F27A /* en */ = {isa = PBXFileReference; lastKnownFileType = text.plist.strings; name = en; path = en.lproj/Localizable.strings; sourceTree = "<group>"; };
		F0CEB8E025D141ED00B2F27A /* zh-Hans */ = {isa = PBXFileReference; lastKnownFileType = text.plist.strings; name = "zh-Hans"; path = "zh-Hans.lproj/Localizable.strings"; sourceTree = "<group>"; };
/* End PBXFileReference section */

/* Begin PBXFrameworksBuildPhase section */
		F0B9554625CE2ED8008ECEE9 /* Frameworks */ = {
			isa = PBXFrameworksBuildPhase;
			buildActionMask = 2147483647;
			files = (
			);
			runOnlyForDeploymentPostprocessing = 0;
		};
		F0B9555725CE2EDB008ECEE9 /* Frameworks */ = {
			isa = PBXFrameworksBuildPhase;
			buildActionMask = 2147483647;
			files = (
			);
			runOnlyForDeploymentPostprocessing = 0;
		};
		F0B9556225CE2EDB008ECEE9 /* Frameworks */ = {
			isa = PBXFrameworksBuildPhase;
			buildActionMask = 2147483647;
			files = (
			);
			runOnlyForDeploymentPostprocessing = 0;
		};
/* End PBXFrameworksBuildPhase section */

/* Begin PBXGroup section */
		F0B9554025CE2ED7008ECEE9 = {
			isa = PBXGroup;
			children = (
				F03DFB3925D229320040FE99 /* LICENSE */,
				F0B9554B25CE2ED8008ECEE9 /* CoreOrate */,
				F0B9555D25CE2EDB008ECEE9 /* CoreOrateTests */,
				F0B9556825CE2EDB008ECEE9 /* CoreOrateUITests */,
				F0B9554A25CE2ED8008ECEE9 /* Products */,
			);
			sourceTree = "<group>";
		};
		F0B9554A25CE2ED8008ECEE9 /* Products */ = {
			isa = PBXGroup;
			children = (
				F0B9554925CE2ED8008ECEE9 /* CoreOrate.app */,
				F0B9555A25CE2EDB008ECEE9 /* CoreOrateTests.xctest */,
				F0B9556525CE2EDB008ECEE9 /* CoreOrateUITests.xctest */,
			);
			name = Products;
			sourceTree = "<group>";
		};
		F0B9554B25CE2ED8008ECEE9 /* CoreOrate */ = {
			isa = PBXGroup;
			children = (
				F0B955FC25CE5686008ECEE9 /* CoreOrate.entitlements */,
				F0B9554C25CE2ED8008ECEE9 /* CoreOrateApp.swift */,
				F0B9554E25CE2ED8008ECEE9 /* ContentView.swift */,
				F0CEB8DC25D141E600B2F27A /* Localizable.strings */,
				F0CEB8B725D1301F00B2F27A /* BufferingView.swift */,
				F0CEB8B225D12C8600B2F27A /* InactiveSession.swift */,
				F0CEB8AD25D11E3E00B2F27A /* clickButton.swift */,
				F0CEB8A825D1143900B2F27A /* classificationView.swift */,
				F0CEB8A325D1130100B2F27A /* spectrogramPreview.swift */,
				F0B9559F25CE3765008ECEE9 /* AudioRecorder.swift */,
				F02CF48625CF7F07003A53FF /* lltfunc.cpp */,
				F02CF49225CFC61A003A53FF /* jet.cpp */,
				F02CF48725CF7F07003A53FF /* lltfunc.hpp */,
				F02CF47A25CEE38F003A53FF /* utils.swift */,
				F0B9555025CE2EDB008ECEE9 /* Assets.xcassets */,
				F0B9555525CE2EDB008ECEE9 /* Info.plist */,
				F0B9555225CE2EDB008ECEE9 /* Preview Content */,
				F02CF48525CF7F07003A53FF /* CoreOrate-Bridging-Header.h */,
			);
			path = CoreOrate;
			sourceTree = "<group>";
		};
		F0B9555225CE2EDB008ECEE9 /* Preview Content */ = {
			isa = PBXGroup;
			children = (
				F0B9555325CE2EDB008ECEE9 /* Preview Assets.xcassets */,
			);
			path = "Preview Content";
			sourceTree = "<group>";
		};
		F0B9555D25CE2EDB008ECEE9 /* CoreOrateTests */ = {
			isa = PBXGroup;
			children = (
				F0B9555E25CE2EDB008ECEE9 /* CoreOrateTests.swift */,
				F0B9556025CE2EDB008ECEE9 /* Info.plist */,
			);
			path = CoreOrateTests;
			sourceTree = "<group>";
		};
		F0B9556825CE2EDB008ECEE9 /* CoreOrateUITests */ = {
			isa = PBXGroup;
			children = (
				F0B9556925CE2EDB008ECEE9 /* CoreOrateUITests.swift */,
				F0B9556B25CE2EDB008ECEE9 /* Info.plist */,
			);
			path = CoreOrateUITests;
			sourceTree = "<group>";
		};
/* End PBXGroup section */

/* Begin PBXNativeTarget section */
		F0B9554825CE2ED8008ECEE9 /* CoreOrate */ = {
			isa = PBXNativeTarget;
			buildConfigurationList = F0B9556E25CE2EDB008ECEE9 /* Build configuration list for PBXNativeTarget "CoreOrate" */;
			buildPhases = (
				F0B9554525CE2ED8008ECEE9 /* Sources */,
				F0B9554625CE2ED8008ECEE9 /* Frameworks */,
				F0B9554725CE2ED8008ECEE9 /* Resources */,
			);
			buildRules = (
			);
			dependencies = (
			);
			name = CoreOrate;
			productName = CoreOrate;
			productReference = F0B9554925CE2ED8008ECEE9 /* CoreOrate.app */;
			productType = "com.apple.product-type.application";
		};
		F0B9555925CE2EDB008ECEE9 /* CoreOrateTests */ = {
			isa = PBXNativeTarget;
			buildConfigurationList = F0B9557125CE2EDB008ECEE9 /* Build configuration list for PBXNativeTarget "CoreOrateTests" */;
			buildPhases = (
				F0B9555625CE2EDB008ECEE9 /* Sources */,
				F0B9555725CE2EDB008ECEE9 /* Frameworks */,
				F0B9555825CE2EDB008ECEE9 /* Resources */,
			);
			buildRules = (
			);
			dependencies = (
				F0B9555C25CE2EDB008ECEE9 /* PBXTargetDependency */,
			);
			name = CoreOrateTests;
			productName = CoreOrateTests;
			productReference = F0B9555A25CE2EDB008ECEE9 /* CoreOrateTests.xctest */;
			productType = "com.apple.product-type.bundle.unit-test";
		};
		F0B9556425CE2EDB008ECEE9 /* CoreOrateUITests */ = {
			isa = PBXNativeTarget;
			buildConfigurationList = F0B9557425CE2EDB008ECEE9 /* Build configuration list for PBXNativeTarget "CoreOrateUITests" */;
			buildPhases = (
				F0B9556125CE2EDB008ECEE9 /* Sources */,
				F0B9556225CE2EDB008ECEE9 /* Frameworks */,
				F0B9556325CE2EDB008ECEE9 /* Resources */,
			);
			buildRules = (
			);
			dependencies = (
				F0B9556725CE2EDB008ECEE9 /* PBXTargetDependency */,
			);
			name = CoreOrateUITests;
			productName = CoreOrateUITests;
			productReference = F0B9556525CE2EDB008ECEE9 /* CoreOrateUITests.xctest */;
			productType = "com.apple.product-type.bundle.ui-testing";
		};
/* End PBXNativeTarget section */

/* Begin PBXProject section */
		F0B9554125CE2ED8008ECEE9 /* Project object */ = {
			isa = PBXProject;
			attributes = {
				LastSwiftUpdateCheck = 1240;
				LastUpgradeCheck = 1240;
				TargetAttributes = {
					F0B9554825CE2ED8008ECEE9 = {
						CreatedOnToolsVersion = 12.4;
						LastSwiftMigration = 1240;
					};
					F0B9555925CE2EDB008ECEE9 = {
						CreatedOnToolsVersion = 12.4;
						TestTargetID = F0B9554825CE2ED8008ECEE9;
					};
					F0B9556425CE2EDB008ECEE9 = {
						CreatedOnToolsVersion = 12.4;
						TestTargetID = F0B9554825CE2ED8008ECEE9;
					};
				};
			};
			buildConfigurationList = F0B9554425CE2ED8008ECEE9 /* Build configuration list for PBXProject "CoreOrate" */;
			compatibilityVersion = "Xcode 9.3";
			developmentRegion = en;
			hasScannedForEncodings = 0;
			knownRegions = (
				en,
				"zh-Hans",
				Base,
			);
			mainGroup = F0B9554025CE2ED7008ECEE9;
			productRefGroup = F0B9554A25CE2ED8008ECEE9 /* Products */;
			projectDirPath = "";
			projectRoot = "";
			targets = (
				F0B9554825CE2ED8008ECEE9 /* CoreOrate */,
				F0B9555925CE2EDB008ECEE9 /* CoreOrateTests */,
				F0B9556425CE2EDB008ECEE9 /* CoreOrateUITests */,
			);
		};
/* End PBXProject section */

/* Begin PBXResourcesBuildPhase section */
		F0B9554725CE2ED8008ECEE9 /* Resources */ = {
			isa = PBXResourcesBuildPhase;
			buildActionMask = 2147483647;
			files = (
				F0B9555425CE2EDB008ECEE9 /* Preview Assets.xcassets in Resources */,
				F0CEB8DA25D141E600B2F27A /* Localizable.strings in Resources */,
				F03DFB3A25D229330040FE99 /* LICENSE in Resources */,
				F0B9555125CE2EDB008ECEE9 /* Assets.xcassets in Resources */,
			);
			runOnlyForDeploymentPostprocessing = 0;
		};
		F0B9555825CE2EDB008ECEE9 /* Resources */ = {
			isa = PBXResourcesBuildPhase;
			buildActionMask = 2147483647;
			files = (
			);
			runOnlyForDeploymentPostprocessing = 0;
		};
		F0B9556325CE2EDB008ECEE9 /* Resources */ = {
			isa = PBXResourcesBuildPhase;
			buildActionMask = 2147483647;
			files = (
			);
			runOnlyForDeploymentPostprocessing = 0;
		};
/* End PBXResourcesBuildPhase section */

/* Begin PBXSourcesBuildPhase section */
		F0B9554525CE2ED8008ECEE9 /* Sources */ = {
			isa = PBXSourcesBuildPhase;
			buildActionMask = 2147483647;
			files = (
				F0CEB8A925D1143900B2F27A /* classificationView.swift in Sources */,
				F0CEB8AE25D11E3E00B2F27A /* clickButton.swift in Sources */,
				F0CEB8B325D12C8600B2F27A /* InactiveSession.swift in Sources */,
				F02CF48825CF7F07003A53FF /* lltfunc.cpp in Sources */,
				F0B9554F25CE2ED8008ECEE9 /* ContentView.swift in Sources */,
				F0B955A025CE3765008ECEE9 /* AudioRecorder.swift in Sources */,
				F0CEB8A425D1130100B2F27A /* spectrogramPreview.swift in Sources */,
				F0B9554D25CE2ED8008ECEE9 /* CoreOrateApp.swift in Sources */,
				F0CEB8B825D1301F00B2F27A /* BufferingView.swift in Sources */,
				F02CF49325CFC61A003A53FF /* jet.cpp in Sources */,
				F02CF47B25CEE38F003A53FF /* utils.swift in Sources */,
			);
			runOnlyForDeploymentPostprocessing = 0;
		};
		F0B9555625CE2EDB008ECEE9 /* Sources */ = {
			isa = PBXSourcesBuildPhase;
			buildActionMask = 2147483647;
			files = (
				F0B9555F25CE2EDB008ECEE9 /* CoreOrateTests.swift in Sources */,
			);
			runOnlyForDeploymentPostprocessing = 0;
		};
		F0B9556125CE2EDB008ECEE9 /* Sources */ = {
			isa = PBXSourcesBuildPhase;
			buildActionMask = 2147483647;
			files = (
				F0B9556A25CE2EDB008ECEE9 /* CoreOrateUITests.swift in Sources */,
			);
			runOnlyForDeploymentPostprocessing = 0;
		};
/* End PBXSourcesBuildPhase section */

/* Begin PBXTargetDependency section */
		F0B9555C25CE2EDB008ECEE9 /* PBXTargetDependency */ = {
			isa = PBXTargetDependency;
			target = F0B9554825CE2ED8008ECEE9 /* CoreOrate */;
			targetProxy = F0B9555B25CE2EDB008ECEE9 /* PBXContainerItemProxy */;
		};
		F0B9556725CE2EDB008ECEE9 /* PBXTargetDependency */ = {
			isa = PBXTargetDependency;
			target = F0B9554825CE2ED8008ECEE9 /* CoreOrate */;
			targetProxy = F0B9556625CE2EDB008ECEE9 /* PBXContainerItemProxy */;
		};
/* End PBXTargetDependency section */

/* Begin PBXVariantGroup section */
		F0CEB8DC25D141E600B2F27A /* Localizable.strings */ = {
			isa = PBXVariantGroup;
			children = (
				F0CEB8DB25D141E600B2F27A /* en */,
				F0CEB8E025D141ED00B2F27A /* zh-Hans */,
			);
			name = Localizable.strings;
			sourceTree = "<group>";
		};
/* End PBXVariantGroup section */

/* Begin XCBuildConfiguration section */
		F0B9556C25CE2EDB008ECEE9 /* Debug */ = {
			isa = XCBuildConfiguration;
			buildSettings = {
				ALWAYS_SEARCH_USER_PATHS = NO;
				CLANG_ANALYZER_NONNULL = YES;
				CLANG_ANALYZER_NUMBER_OBJECT_CONVERSION = YES_AGGRESSIVE;
				CLANG_CXX_LANGUAGE_STANDARD = "gnu++14";
				CLANG_CXX_LIBRARY = "libc++";
				CLANG_ENABLE_MODULES = YES;
				CLANG_ENABLE_OBJC_ARC = YES;
				CLANG_ENABLE_OBJC_WEAK = YES;
				CLANG_WARN_BLOCK_CAPTURE_AUTORELEASING = YES;
				CLANG_WARN_BOOL_CONVERSION = YES;
				CLANG_WARN_COMMA = YES;
				CLANG_WARN_CONSTANT_CONVERSION = YES;
				CLANG_WARN_DEPRECATED_OBJC_IMPLEMENTATIONS = YES;
				CLANG_WARN_DIRECT_OBJC_ISA_USAGE = YES_ERROR;
				CLANG_WARN_DOCUMENTATION_COMMENTS = YES;
				CLANG_WARN_EMPTY_BODY = YES;
				CLANG_WARN_ENUM_CONVERSION = YES;
				CLANG_WARN_INFINITE_RECURSION = YES;
				CLANG_WARN_INT_CONVERSION = YES;
				CLANG_WARN_NON_LITERAL_NULL_CONVERSION = YES;
				CLANG_WARN_OBJC_IMPLICIT_RETAIN_SELF = YES;
				CLANG_WARN_OBJC_LITERAL_CONVERSION = YES;
				CLANG_WARN_OBJC_ROOT_CLASS = YES_ERROR;
				CLANG_WARN_QUOTED_INCLUDE_IN_FRAMEWORK_HEADER = YES;
				CLANG_WARN_RANGE_LOOP_ANALYSIS = YES;
				CLANG_WARN_STRICT_PROTOTYPES = YES;
				CLANG_WARN_SUSPICIOUS_MOVE = YES;
				CLANG_WARN_UNGUARDED_AVAILABILITY = YES_AGGRESSIVE;
				CLANG_WARN_UNREACHABLE_CODE = YES;
				CLANG_WARN__DUPLICATE_METHOD_MATCH = YES;
				COPY_PHASE_STRIP = NO;
				DEBUG_INFORMATION_FORMAT = dwarf;
				ENABLE_STRICT_OBJC_MSGSEND = YES;
				ENABLE_TESTABILITY = YES;
				GCC_C_LANGUAGE_STANDARD = gnu11;
				GCC_DYNAMIC_NO_PIC = NO;
				GCC_NO_COMMON_BLOCKS = YES;
				GCC_OPTIMIZATION_LEVEL = 0;
				GCC_PREPROCESSOR_DEFINITIONS = (
					"DEBUG=1",
					"$(inherited)",
				);
				GCC_WARN_64_TO_32_BIT_CONVERSION = YES;
				GCC_WARN_ABOUT_RETURN_TYPE = YES_ERROR;
				GCC_WARN_UNDECLARED_SELECTOR = YES;
				GCC_WARN_UNINITIALIZED_AUTOS = YES_AGGRESSIVE;
				GCC_WARN_UNUSED_FUNCTION = YES;
				GCC_WARN_UNUSED_VARIABLE = YES;
				IPHONEOS_DEPLOYMENT_TARGET = 14.4;
				MTL_ENABLE_DEBUG_INFO = INCLUDE_SOURCE;
				MTL_FAST_MATH = YES;
				ONLY_ACTIVE_ARCH = YES;
				SDKROOT = iphoneos;
				SWIFT_ACTIVE_COMPILATION_CONDITIONS = DEBUG;
				SWIFT_OPTIMIZATION_LEVEL = "-Onone";
			};
			name = Debug;
		};
		F0B9556D25CE2EDB008ECEE9 /* Release */ = {
			isa = XCBuildConfiguration;
			buildSettings = {
				ALWAYS_SEARCH_USER_PATHS = NO;
				CLANG_ANALYZER_NONNULL = YES;
				CLANG_ANALYZER_NUMBER_OBJECT_CONVERSION = YES_AGGRESSIVE;
				CLANG_CXX_LANGUAGE_STANDARD = "gnu++14";
				CLANG_CXX_LIBRARY = "libc++";
				CLANG_ENABLE_MODULES = YES;
				CLANG_ENABLE_OBJC_ARC = YES;
				CLANG_ENABLE_OBJC_WEAK = YES;
				CLANG_WARN_BLOCK_CAPTURE_AUTORELEASING = YES;
				CLANG_WARN_BOOL_CONVERSION = YES;
				CLANG_WARN_COMMA = YES;
				CLANG_WARN_CONSTANT_CONVERSION = YES;
				CLANG_WARN_DEPRECATED_OBJC_IMPLEMENTATIONS = YES;
				CLANG_WARN_DIRECT_OBJC_ISA_USAGE = YES_ERROR;
				CLANG_WARN_DOCUMENTATION_COMMENTS = YES;
				CLANG_WARN_EMPTY_BODY = YES;
				CLANG_WARN_ENUM_CONVERSION = YES;
				CLANG_WARN_INFINITE_RECURSION = YES;
				CLANG_WARN_INT_CONVERSION = YES;
				CLANG_WARN_NON_LITERAL_NULL_CONVERSION = YES;
				CLANG_WARN_OBJC_IMPLICIT_RETAIN_SELF = YES;
				CLANG_WARN_OBJC_LITERAL_CONVERSION = YES;
				CLANG_WARN_OBJC_ROOT_CLASS = YES_ERROR;
				CLANG_WARN_QUOTED_INCLUDE_IN_FRAMEWORK_HEADER = YES;
				CLANG_WARN_RANGE_LOOP_ANALYSIS = YES;
				CLANG_WARN_STRICT_PROTOTYPES = YES;
				CLANG_WARN_SUSPICIOUS_MOVE = YES;
				CLANG_WARN_UNGUARDED_AVAILABILITY = YES_AGGRESSIVE;
				CLANG_WARN_UNREACHABLE_CODE = YES;
				CLANG_WARN__DUPLICATE_METHOD_MATCH = YES;
				COPY_PHASE_STRIP = NO;
				DEBUG_INFORMATION_FORMAT = "dwarf-with-dsym";
				ENABLE_NS_ASSERTIONS = NO;
				ENABLE_STRICT_OBJC_MSGSEND = YES;
				GCC_C_LANGUAGE_STANDARD = gnu11;
				GCC_NO_COMMON_BLOCKS = YES;
				GCC_WARN_64_TO_32_BIT_CONVERSION = YES;
				GCC_WARN_ABOUT_RETURN_TYPE = YES_ERROR;
				GCC_WARN_UNDECLARED_SELECTOR = YES;
				GCC_WARN_UNINITIALIZED_AUTOS = YES_AGGRESSIVE;
				GCC_WARN_UNUSED_FUNCTION = YES;
				GCC_WARN_UNUSED_VARIABLE = YES;
				IPHONEOS_DEPLOYMENT_TARGET = 14.4;
				MTL_ENABLE_DEBUG_INFO = NO;
				MTL_FAST_MATH = YES;
				SDKROOT = iphoneos;
				SWIFT_COMPILATION_MODE = wholemodule;
				SWIFT_OPTIMIZATION_LEVEL = "-O";
				VALIDATE_PRODUCT = YES;
			};
			name = Release;
		};
		F0B9556F25CE2EDB008ECEE9 /* Debug */ = {
			isa = XCBuildConfiguration;
			buildSettings = {
				ASSETCATALOG_COMPILER_APPICON_NAME = AppIcon;
				ASSETCATALOG_COMPILER_GLOBAL_ACCENT_COLOR_NAME = AccentColor;
				CLANG_ENABLE_MODULES = YES;
				CODE_SIGN_ENTITLEMENTS = CoreOrate/CoreOrate.entitlements;
				CODE_SIGN_STYLE = Automatic;
				DEVELOPMENT_ASSET_PATHS = "\"CoreOrate/Preview Content\"";
				DEVELOPMENT_TEAM = 9K2XM38XLK;
				ENABLE_PREVIEWS = YES;
				GCC_OPTIMIZATION_LEVEL = 3;
				INFOPLIST_FILE = CoreOrate/Info.plist;
				IPHONEOS_DEPLOYMENT_TARGET = 14.0;
				LD_RUNPATH_SEARCH_PATHS = (
					"$(inherited)",
					"@executable_path/Frameworks",
				);
				PRODUCT_BUNDLE_IDENTIFIER = com.legitmichel777.CoreOrate;
				PRODUCT_NAME = "$(TARGET_NAME)";
				SUPPORTS_MACCATALYST = NO;
				SWIFT_OBJC_BRIDGING_HEADER = "CoreOrate/CoreOrate-Bridging-Header.h";
				SWIFT_VERSION = 5.0;
				TARGETED_DEVICE_FAMILY = 1;
			};
			name = Debug;
		};
		F0B9557025CE2EDB008ECEE9 /* Release */ = {
			isa = XCBuildConfiguration;
			buildSettings = {
				ASSETCATALOG_COMPILER_APPICON_NAME = AppIcon;
				ASSETCATALOG_COMPILER_GLOBAL_ACCENT_COLOR_NAME = AccentColor;
				CLANG_ENABLE_MODULES = YES;
				CODE_SIGN_ENTITLEMENTS = CoreOrate/CoreOrate.entitlements;
				CODE_SIGN_STYLE = Automatic;
				DEVELOPMENT_ASSET_PATHS = "\"CoreOrate/Preview Content\"";
				DEVELOPMENT_TEAM = 9K2XM38XLK;
				ENABLE_PREVIEWS = YES;
				INFOPLIST_FILE = CoreOrate/Info.plist;
				IPHONEOS_DEPLOYMENT_TARGET = 14.0;
				LD_RUNPATH_SEARCH_PATHS = (
					"$(inherited)",
					"@executable_path/Frameworks",
				);
				PRODUCT_BUNDLE_IDENTIFIER = com.legitmichel777.CoreOrate;
				PRODUCT_NAME = "$(TARGET_NAME)";
				SUPPORTS_MACCATALYST = NO;
				SWIFT_OBJC_BRIDGING_HEADER = "CoreOrate/CoreOrate-Bridging-Header.h";
				SWIFT_VERSION = 5.0;
				TARGETED_DEVICE_FAMILY = 1;
			};
			name = Release;
		};
		F0B9557225CE2EDB008ECEE9 /* Debug */ = {
			isa = XCBuildConfiguration;
			buildSettings = {
				ALWAYS_EMBED_SWIFT_STANDARD_LIBRARIES = YES;
				BUNDLE_LOADER = "$(TEST_HOST)";
				CODE_SIGN_STYLE = Automatic;
				DEVELOPMENT_TEAM = 9K2XM38XLK;
				INFOPLIST_FILE = CoreOrateTests/Info.plist;
				IPHONEOS_DEPLOYMENT_TARGET = 14.0;
				LD_RUNPATH_SEARCH_PATHS = (
					"$(inherited)",
					"@executable_path/Frameworks",
					"@loader_path/Frameworks",
				);
				PRODUCT_BUNDLE_IDENTIFIER = com.legitmichel777.CoreOrateTests;
				PRODUCT_NAME = "$(TARGET_NAME)";
				SWIFT_VERSION = 5.0;
				TARGETED_DEVICE_FAMILY = "1,2";
				TEST_HOST = "$(BUILT_PRODUCTS_DIR)/CoreOrate.app/CoreOrate";
			};
			name = Debug;
		};
		F0B9557325CE2EDB008ECEE9 /* Release */ = {
			isa = XCBuildConfiguration;
			buildSettings = {
				ALWAYS_EMBED_SWIFT_STANDARD_LIBRARIES = YES;
				BUNDLE_LOADER = "$(TEST_HOST)";
				CODE_SIGN_STYLE = Automatic;
				DEVELOPMENT_TEAM = 9K2XM38XLK;
				INFOPLIST_FILE = CoreOrateTests/Info.plist;
				IPHONEOS_DEPLOYMENT_TARGET = 14.0;
				LD_RUNPATH_SEARCH_PATHS = (
					"$(inherited)",
					"@executable_path/Frameworks",
					"@loader_path/Frameworks",
				);
				PRODUCT_BUNDLE_IDENTIFIER = com.legitmichel777.CoreOrateTests;
				PRODUCT_NAME = "$(TARGET_NAME)";
				SWIFT_VERSION = 5.0;
				TARGETED_DEVICE_FAMILY = "1,2";
				TEST_HOST = "$(BUILT_PRODUCTS_DIR)/CoreOrate.app/CoreOrate";
			};
			name = Release;
		};
		F0B9557525CE2EDB008ECEE9 /* Debug */ = {
			isa = XCBuildConfiguration;
			buildSettings = {
				ALWAYS_EMBED_SWIFT_STANDARD_LIBRARIES = YES;
				CODE_SIGN_STYLE = Automatic;
				DEVELOPMENT_TEAM = 9K2XM38XLK;
				INFOPLIST_FILE = CoreOrateUITests/Info.plist;
				LD_RUNPATH_SEARCH_PATHS = (
					"$(inherited)",
					"@executable_path/Frameworks",
					"@loader_path/Frameworks",
				);
				PRODUCT_BUNDLE_IDENTIFIER = com.legitmichel777.CoreOrateUITests;
				PRODUCT_NAME = "$(TARGET_NAME)";
				SWIFT_VERSION = 5.0;
				TARGETED_DEVICE_FAMILY = "1,2";
				TEST_TARGET_NAME = CoreOrate;
			};
			name = Debug;
		};
		F0B9557625CE2EDB008ECEE9 /* Release */ = {
			isa = XCBuildConfiguration;
			buildSettings = {
				ALWAYS_EMBED_SWIFT_STANDARD_LIBRARIES = YES;
				CODE_SIGN_STYLE = Automatic;
				DEVELOPMENT_TEAM = 9K2XM38XLK;
				INFOPLIST_FILE = CoreOrateUITests/Info.plist;
				LD_RUNPATH_SEARCH_PATHS = (
					"$(inherited)",
					"@executable_path/Frameworks",
					"@loader_path/Frameworks",
				);
				PRODUCT_BUNDLE_IDENTIFIER = com.legitmichel777.CoreOrateUITests;
				PRODUCT_NAME = "$(TARGET_NAME)";
				SWIFT_VERSION = 5.0;
				TARGETED_DEVICE_FAMILY = "1,2";
				TEST_TARGET_NAME = CoreOrate;
			};
			name = Release;
		};
/* End XCBuildConfiguration section */

/* Begin XCConfigurationList section */
		F0B9554425CE2ED8008ECEE9 /* Build configuration list for PBXProject "CoreOrate" */ = {
			isa = XCConfigurationList;
			buildConfigurations = (
				F0B9556C25CE2EDB008ECEE9 /* Debug */,
				F0B9556D25CE2EDB008ECEE9 /* Release */,
			);
			defaultConfigurationIsVisible = 0;
			defaultConfigurationName = Release;
		};
		F0B9556E25CE2EDB008ECEE9 /* Build configuration list for PBXNativeTarget "CoreOrate" */ = {
			isa = XCConfigurationList;
			buildConfigurations = (
				F0B9556F25CE2EDB008ECEE9 /* Debug */,
				F0B9557025CE2EDB008ECEE9 /* Release */,
			);
			defaultConfigurationIsVisible = 0;
			defaultConfigurationName = Release;
		};
		F0B9557125CE2EDB008ECEE9 /* Build configuration list for PBXNativeTarget "CoreOrateTests" */ = {
			isa = XCConfigurationList;
			buildConfigurations = (
				F0B9557225CE2EDB008ECEE9 /* Debug */,
				F0B9557325CE2EDB008ECEE9 /* Release */,
			);
			defaultConfigurationIsVisible = 0;
			defaultConfigurationName = Release;
		};
		F0B9557425CE2EDB008ECEE9 /* Build configuration list for PBXNativeTarget "CoreOrateUITests" */ = {
			isa = XCConfigurationList;
			buildConfigurations = (
				F0B9557525CE2EDB008ECEE9 /* Debug */,
				F0B9557625CE2EDB008ECEE9 /* Release */,
			);
			defaultConfigurationIsVisible = 0;
			defaultConfigurationName = Release;
		};
/* End XCConfigurationList section */
	};
	rootObject = F0B9554125CE2ED8008ECEE9 /* Project object */;
}
